// !$*UTF8*$!
{
	archiveVersion = 1;
	classes = {
	};
	objectVersion = 50;
	objects = {

/* Begin PBXBuildFile section */
		196639CE244E948A00727A6B /* AppDelegate.swift in Sources */ = {isa = PBXBuildFile; fileRef = 196639CD244E948A00727A6B /* AppDelegate.swift */; };
		196639D0244E948A00727A6B /* SceneDelegate.swift in Sources */ = {isa = PBXBuildFile; fileRef = 196639CF244E948A00727A6B /* SceneDelegate.swift */; };
		196639D2244E948A00727A6B /* ViewController.swift in Sources */ = {isa = PBXBuildFile; fileRef = 196639D1244E948A00727A6B /* ViewController.swift */; };
		196639D5244E948A00727A6B /* Main.storyboard in Resources */ = {isa = PBXBuildFile; fileRef = 196639D3244E948A00727A6B /* Main.storyboard */; };
		196639D8244E948A00727A6B /* Me_Mo.xcdatamodeld in Sources */ = {isa = PBXBuildFile; fileRef = 196639D6244E948A00727A6B /* Me_Mo.xcdatamodeld */; };
		196639DA244E948B00727A6B /* Assets.xcassets in Resources */ = {isa = PBXBuildFile; fileRef = 196639D9244E948B00727A6B /* Assets.xcassets */; };
		196639DD244E948B00727A6B /* LaunchScreen.storyboard in Resources */ = {isa = PBXBuildFile; fileRef = 196639DB244E948B00727A6B /* LaunchScreen.storyboard */; };
/* End PBXBuildFile section */

/* Begin PBXFileReference section */
		196639CA244E948A00727A6B /* Me&Mo.app */ = {isa = PBXFileReference; explicitFileType = wrapper.application; includeInIndex = 0; path = "Me&Mo.app"; sourceTree = BUILT_PRODUCTS_DIR; };
		196639CD244E948A00727A6B /* AppDelegate.swift */ = {isa = PBXFileReference; lastKnownFileType = sourcecode.swift; path = AppDelegate.swift; sourceTree = "<group>"; };
		196639CF244E948A00727A6B /* SceneDelegate.swift */ = {isa = PBXFileReference; lastKnownFileType = sourcecode.swift; path = SceneDelegate.swift; sourceTree = "<group>"; };
		196639D1244E948A00727A6B /* ViewController.swift */ = {isa = PBXFileReference; lastKnownFileType = sourcecode.swift; path = ViewController.swift; sourceTree = "<group>"; };
		196639D4244E948A00727A6B /* Base */ = {isa = PBXFileReference; lastKnownFileType = file.storyboard; name = Base; path = Base.lproj/Main.storyboard; sourceTree = "<group>"; };
		196639D7244E948A00727A6B /* Me_Mo.xcdatamodel */ = {isa = PBXFileReference; lastKnownFileType = wrapper.xcdatamodel; path = Me_Mo.xcdatamodel; sourceTree = "<group>"; };
		196639D9244E948B00727A6B /* Assets.xcassets */ = {isa = PBXFileReference; lastKnownFileType = folder.assetcatalog; path = Assets.xcassets; sourceTree = "<group>"; };
		196639DC244E948B00727A6B /* Base */ = {isa = PBXFileReference; lastKnownFileType = file.storyboard; name = Base; path = Base.lproj/LaunchScreen.storyboard; sourceTree = "<group>"; };
		196639DE244E948B00727A6B /* Info.plist */ = {isa = PBXFileReference; lastKnownFileType = text.plist.xml; path = Info.plist; sourceTree = "<group>"; };
/* End PBXFileReference section */

/* Begin PBXFrameworksBuildPhase section */
		196639C7244E948A00727A6B /* Frameworks */ = {
			isa = PBXFrameworksBuildPhase;
			buildActionMask = 2147483647;
			files = (
			);
			runOnlyForDeploymentPostprocessing = 0;
		};
/* End PBXFrameworksBuildPhase section */

/* Begin PBXGroup section */
		196639C1244E948A00727A6B = {
			isa = PBXGroup;
			children = (
				196639CC244E948A00727A6B /* Me&Mo */,
				196639CB244E948A00727A6B /* Products */,
			);
			sourceTree = "<group>";
		};
		196639CB244E948A00727A6B /* Products */ = {
			isa = PBXGroup;
			children = (
				196639CA244E948A00727A6B /* Me&Mo.app */,
			);
			name = Products;
			sourceTree = "<group>";
		};
		196639CC244E948A00727A6B /* Me&Mo */ = {
			isa = PBXGroup;
			children = (
				196639CD244E948A00727A6B /* AppDelegate.swift */,
				196639CF244E948A00727A6B /* SceneDelegate.swift */,
				196639D1244E948A00727A6B /* ViewController.swift */,
				196639D3244E948A00727A6B /* Main.storyboard */,
				196639D9244E948B00727A6B /* Assets.xcassets */,
				196639DB244E948B00727A6B /* LaunchScreen.storyboard */,
				196639DE244E948B00727A6B /* Info.plist */,
				196639D6244E948A00727A6B /* Me_Mo.xcdatamodeld */,
			);
			path = "Me&Mo";
			sourceTree = "<group>";
		};
/* End PBXGroup section */

/* Begin PBXNativeTarget section */
		196639C9244E948A00727A6B /* Me&Mo */ = {
			isa = PBXNativeTarget;
			buildConfigurationList = 196639E1244E948B00727A6B /* Build configuration list for PBXNativeTarget "Me&Mo" */;
			buildPhases = (
				196639C6244E948A00727A6B /* Sources */,
				196639C7244E948A00727A6B /* Frameworks */,
				196639C8244E948A00727A6B /* Resources */,
			);
			buildRules = (
			);
			dependencies = (
			);
			name = "Me&Mo";
			productName = "Me&Mo";
			productReference = 196639CA244E948A00727A6B /* Me&Mo.app */;
			productType = "com.apple.product-type.application";
		};
/* End PBXNativeTarget section */

/* Begin PBXProject section */
		196639C2244E948A00727A6B /* Project object */ = {
			isa = PBXProject;
			attributes = {
				LastSwiftUpdateCheck = 1130;
				LastUpgradeCheck = 1130;
				ORGANIZATIONNAME = BBANPRO;
				TargetAttributes = {
					196639C9244E948A00727A6B = {
						CreatedOnToolsVersion = 11.3.1;
					};
				};
			};
			buildConfigurationList = 196639C5244E948A00727A6B /* Build configuration list for PBXProject "Me&Mo" */;
			compatibilityVersion = "Xcode 9.3";
			developmentRegion = en;
			hasScannedForEncodings = 0;
			knownRegions = (
				en,
				Base,
			);
			mainGroup = 196639C1244E948A00727A6B;
			productRefGroup = 196639CB244E948A00727A6B /* Products */;
			projectDirPath = "";
			projectRoot = "";
			targets = (
				196639C9244E948A00727A6B /* Me&Mo */,
			);
		};
/* End PBXProject section */

/* Begin PBXResourcesBuildPhase section */
		196639C8244E948A00727A6B /* Resources */ = {
			isa = PBXResourcesBuildPhase;
			buildActionMask = 2147483647;
			files = (
				196639DD244E948B00727A6B /* LaunchScreen.storyboard in Resources */,
				196639DA244E948B00727A6B /* Assets.xcassets in Resources */,
				196639D5244E948A00727A6B /* Main.storyboard in Resources */,
			);
			runOnlyForDeploymentPostprocessing = 0;
		};
/* End PBXResourcesBuildPhase section */

/* Begin PBXSourcesBuildPhase section */
		196639C6244E948A00727A6B /* Sources */ = {
			isa = PBXSourcesBuildPhase;
			buildActionMask = 2147483647;
			files = (
				196639D2244E948A00727A6B /* ViewController.swift in Sources */,
				196639CE244E948A00727A6B /* AppDelegate.swift in Sources */,
				196639D0244E948A00727A6B /* SceneDelegate.swift in Sources */,
				196639D8244E948A00727A6B /* Me_Mo.xcdatamodeld in Sources */,
			);
			runOnlyForDeploymentPostprocessing = 0;
		};
/* End PBXSourcesBuildPhase section */

/* Begin PBXVariantGroup section */
		196639D3244E948A00727A6B /* Main.storyboard */ = {
			isa = PBXVariantGroup;
			children = (
				196639D4244E948A00727A6B /* Base */,
			);
			name = Main.storyboard;
			sourceTree = "<group>";
		};
		196639DB244E948B00727A6B /* LaunchScreen.storyboard */ = {
			isa = PBXVariantGroup;
			children = (
				196639DC244E948B00727A6B /* Base */,
			);
			name = LaunchScreen.storyboard;
			sourceTree = "<group>";
		};
/* End PBXVariantGroup section */

/* Begin XCBuildConfiguration section */
		196639DF244E948B00727A6B /* Debug */ = {
			isa = XCBuildConfiguration;
			buildSettings = {
				ALWAYS_SEARCH_USER_PATHS = NO;
				CLANG_ANALYZER_NONNULL = YES;
				CLANG_ANALYZER_NUMBER_OBJECT_CONVERSION = YES_AGGRESSIVE;
				CLANG_CXX_LANGUAGE_STANDARD = "gnu++14";
				CLANG_CXX_LIBRARY = "libc++";
				CLANG_ENABLE_MODULES = YES;
				CLANG_ENABLE_OBJC_ARC = YES;
				CLANG_ENABLE_OBJC_WEAK = YES;
				CLANG_WARN_BLOCK_CAPTURE_AUTORELEASING = YES;
				CLANG_WARN_BOOL_CONVERSION = YES;
				CLANG_WARN_COMMA = YES;
				CLANG_WARN_CONSTANT_CONVERSION = YES;
				CLANG_WARN_DEPRECATED_OBJC_IMPLEMENTATIONS = YES;
				CLANG_WARN_DIRECT_OBJC_ISA_USAGE = YES_ERROR;
				CLANG_WARN_DOCUMENTATION_COMMENTS = YES;
				CLANG_WARN_EMPTY_BODY = YES;
				CLANG_WARN_ENUM_CONVERSION = YES;
				CLANG_WARN_INFINITE_RECURSION = YES;
				CLANG_WARN_INT_CONVERSION = YES;
				CLANG_WARN_NON_LITERAL_NULL_CONVERSION = YES;
				CLANG_WARN_OBJC_IMPLICIT_RETAIN_SELF = YES;
				CLANG_WARN_OBJC_LITERAL_CONVERSION = YES;
				CLANG_WARN_OBJC_ROOT_CLASS = YES_ERROR;
				CLANG_WARN_RANGE_LOOP_ANALYSIS = YES;
				CLANG_WARN_STRICT_PROTOTYPES = YES;
				CLANG_WARN_SUSPICIOUS_MOVE = YES;
				CLANG_WARN_UNGUARDED_AVAILABILITY = YES_AGGRESSIVE;
				CLANG_WARN_UNREACHABLE_CODE = YES;
				CLANG_WARN__DUPLICATE_METHOD_MATCH = YES;
				COPY_PHASE_STRIP = NO;
				DEBUG_INFORMATION_FORMAT = dwarf;
				ENABLE_STRICT_OBJC_MSGSEND = YES;
				ENABLE_TESTABILITY = YES;
				GCC_C_LANGUAGE_STANDARD = gnu11;
				GCC_DYNAMIC_NO_PIC = NO;
				GCC_NO_COMMON_BLOCKS = YES;
				GCC_OPTIMIZATION_LEVEL = 0;
				GCC_PREPROCESSOR_DEFINITIONS = (
					"DEBUG=1",
					"$(inherited)",
				);
				GCC_WARN_64_TO_32_BIT_CONVERSION = YES;
				GCC_WARN_ABOUT_RETURN_TYPE = YES_ERROR;
				GCC_WARN_UNDECLARED_SELECTOR = YES;
				GCC_WARN_UNINITIALIZED_AUTOS = YES_AGGRESSIVE;
				GCC_WARN_UNUSED_FUNCTION = YES;
				GCC_WARN_UNUSED_VARIABLE = YES;
				IPHONEOS_DEPLOYMENT_TARGET = 13.2;
				MTL_ENABLE_DEBUG_INFO = INCLUDE_SOURCE;
				MTL_FAST_MATH = YES;
				ONLY_ACTIVE_ARCH = YES;
				SDKROOT = iphoneos;
				SWIFT_ACTIVE_COMPILATION_CONDITIONS = DEBUG;
				SWIFT_OPTIMIZATION_LEVEL = "-Onone";
			};
			name = Debug;
		};
		196639E0244E948B00727A6B /* Release */ = {
			isa = XCBuildConfiguration;
			buildSettings = {
				ALWAYS_SEARCH_USER_PATHS = NO;
				CLANG_ANALYZER_NONNULL = YES;
				CLANG_ANALYZER_NUMBER_OBJECT_CONVERSION = YES_AGGRESSIVE;
				CLANG_CXX_LANGUAGE_STANDARD = "gnu++14";
				CLANG_CXX_LIBRARY = "libc++";
				CLANG_ENABLE_MODULES = YES;
				CLANG_ENABLE_OBJC_ARC = YES;
				CLANG_ENABLE_OBJC_WEAK = YES;
				CLANG_WARN_BLOCK_CAPTURE_AUTORELEASING = YES;
				CLANG_WARN_BOOL_CONVERSION = YES;
				CLANG_WARN_COMMA = YES;
				CLANG_WARN_CONSTANT_CONVERSION = YES;
				CLANG_WARN_DEPRECATED_OBJC_IMPLEMENTATIONS = YES;
				CLANG_WARN_DIRECT_OBJC_ISA_USAGE = YES_ERROR;
				CLANG_WARN_DOCUMENTATION_COMMENTS = YES;
				CLANG_WARN_EMPTY_BODY = YES;
				CLANG_WARN_ENUM_CONVERSION = YES;
				CLANG_WARN_INFINITE_RECURSION = YES;
				CLANG_WARN_INT_CONVERSION = YES;
				CLANG_WARN_NON_LITERAL_NULL_CONVERSION = YES;
				CLANG_WARN_OBJC_IMPLICIT_RETAIN_SELF = YES;
				CLANG_WARN_OBJC_LITERAL_CONVERSION = YES;
				CLANG_WARN_OBJC_ROOT_CLASS = YES_ERROR;
				CLANG_WARN_RANGE_LOOP_ANALYSIS = YES;
				CLANG_WARN_STRICT_PROTOTYPES = YES;
				CLANG_WARN_SUSPICIOUS_MOVE = YES;
				CLANG_WARN_UNGUARDED_AVAILABILITY = YES_AGGRESSIVE;
				CLANG_WARN_UNREACHABLE_CODE = YES;
				CLANG_WARN__DUPLICATE_METHOD_MATCH = YES;
				COPY_PHASE_STRIP = NO;
				DEBUG_INFORMATION_FORMAT = "dwarf-with-dsym";
				ENABLE_NS_ASSERTIONS = NO;
				ENABLE_STRICT_OBJC_MSGSEND = YES;
				GCC_C_LANGUAGE_STANDARD = gnu11;
				GCC_NO_COMMON_BLOCKS = YES;
				GCC_WARN_64_TO_32_BIT_CONVERSION = YES;
				GCC_WARN_ABOUT_RETURN_TYPE = YES_ERROR;
				GCC_WARN_UNDECLARED_SELECTOR = YES;
				GCC_WARN_UNINITIALIZED_AUTOS = YES_AGGRESSIVE;
				GCC_WARN_UNUSED_FUNCTION = YES;
				GCC_WARN_UNUSED_VARIABLE = YES;
				IPHONEOS_DEPLOYMENT_TARGET = 13.2;
				MTL_ENABLE_DEBUG_INFO = NO;
				MTL_FAST_MATH = YES;
				SDKROOT = iphoneos;
				SWIFT_COMPILATION_MODE = wholemodule;
				SWIFT_OPTIMIZATION_LEVEL = "-O";
				VALIDATE_PRODUCT = YES;
			};
			name = Release;
		};
		196639E2244E948B00727A6B /* Debug */ = {
			isa = XCBuildConfiguration;
			buildSettings = {
				ASSETCATALOG_COMPILER_APPICON_NAME = AppIcon;
				CODE_SIGN_STYLE = Automatic;
				DEVELOPMENT_TEAM = M746M2YP25;
				INFOPLIST_FILE = "Me&Mo/Info.plist";
				LD_RUNPATH_SEARCH_PATHS = (
					"$(inherited)",
					"@executable_path/Frameworks",
				);
				PRODUCT_BUNDLE_IDENTIFIER = "com.bbanpro.Me-Mo";
				PRODUCT_NAME = "$(TARGET_NAME)";
				SWIFT_VERSION = 5.0;
				TARGETED_DEVICE_FAMILY = "1,2";
			};
			name = Debug;
		};
		196639E3244E948B00727A6B /* Release */ = {
			isa = XCBuildConfiguration;
			buildSettings = {
				ASSETCATALOG_COMPILER_APPICON_NAME = AppIcon;
				CODE_SIGN_STYLE = Automatic;
				DEVELOPMENT_TEAM = M746M2YP25;
				INFOPLIST_FILE = "Me&Mo/Info.plist";
				LD_RUNPATH_SEARCH_PATHS = (
					"$(inherited)",
					"@executable_path/Frameworks",
				);
				PRODUCT_BUNDLE_IDENTIFIER = "com.bbanpro.Me-Mo";
				PRODUCT_NAME = "$(TARGET_NAME)";
				SWIFT_VERSION = 5.0;
				TARGETED_DEVICE_FAMILY = "1,2";
			};
			name = Release;
		};
/* End XCBuildConfiguration section */

/* Begin XCConfigurationList section */
		196639C5244E948A00727A6B /* Build configuration list for PBXProject "Me&Mo" */ = {
			isa = XCConfigurationList;
			buildConfigurations = (
				196639DF244E948B00727A6B /* Debug */,
				196639E0244E948B00727A6B /* Release */,
			);
			defaultConfigurationIsVisible = 0;
			defaultConfigurationName = Release;
		};
		196639E1244E948B00727A6B /* Build configuration list for PBXNativeTarget "Me&Mo" */ = {
			isa = XCConfigurationList;
			buildConfigurations = (
				196639E2244E948B00727A6B /* Debug */,
				196639E3244E948B00727A6B /* Release */,
			);
			defaultConfigurationIsVisible = 0;
			defaultConfigurationName = Release;
		};
/* End XCConfigurationList section */

/* Begin XCVersionGroup section */
		196639D6244E948A00727A6B /* Me_Mo.xcdatamodeld */ = {
			isa = XCVersionGroup;
			children = (
				196639D7244E948A00727A6B /* Me_Mo.xcdatamodel */,
			);
			currentVersion = 196639D7244E948A00727A6B /* Me_Mo.xcdatamodel */;
			path = Me_Mo.xcdatamodeld;
			sourceTree = "<group>";
			versionGroupType = wrapper.xcdatamodel;
		};
/* End XCVersionGroup section */
	};
	rootObject = 196639C2244E948A00727A6B /* Project object */;
}
